# THIS IS AN AUTOGENERATED FILE. DO NOT EDIT THIS FILE DIRECTLY.
# yarn lockfile v1


array-uniq@~2.0.0:
  version "2.0.0"
  resolved "https://registry.yarnpkg.com/array-uniq/-/array-uniq-2.0.0.tgz#0009e30306e37a6dd2e2e2480db5316fdade1583"
  integrity sha512-O3QZEr+3wDj7otzF7PjNGs6CA3qmYMLvt5xGkjY/V0VxS+ovvqVo/5wKM/OVOAyuX4DTh9H31zE/yKtO66hTkg==

p-is-promise@~2.0.0:
  version "2.0.0"
  resolved "https://registry.yarnpkg.com/p-is-promise/-/p-is-promise-2.0.0.tgz#7554e3d572109a87e1f3f53f6a7d85d1b194f4c5"
  integrity sha512-pzQPhYMCAgLAKPWD2jC3Se9fEfrD9npNos0y150EeqZll7akhEgGhTW/slB6lHku8AvYGiJ+YJ5hfHKePPgFWg==

tslib@~2.1.0:
  version "2.1.0"
  resolved "https://registry.yarnpkg.com/tslib/-/tslib-2.1.0.tgz#da60860f1c2ecaa5703ab7d39bc05b6bf988b97a"
  integrity sha512-hcVC3wYEziELGGmEEXue7D75zbwIIVUMWAVbHItGPx0ziyXxrOMQx4rQEVEV45Ut/1IotuEvwqPopzIOkDMf0A==
